
Microsoft Visual Studio Solution File, Format Version 12.00
# Visual Studio Version 17
VisualStudioVersion = 17.3.32929.385
MinimumVisualStudioVersion = 10.0.40219.1
Project("{9A19103F-16F7-4668-BE54-9A1E7A4F7556}") = "WebApp1", "WebApp1\WebApp1.csproj", "{ECE43F51-7426-42B5-8D95-59ACC689EC28}"
EndProject
Project("{FAE04EC0-301F-11D3-BF4B-00C04F79EFBC}") = "WebApplication1", "WebApplication1\WebApplication1.csproj", "{8BDCAE30-E47A-4686-B801-69C926D2C584}"
EndProject
Global
	GlobalSection(SolutionConfigurationPlatforms) = preSolution
		Debug|Any CPU = Debug|Any CPU
		Release|Any CPU = Release|Any CPU
	EndGlobalSection
	GlobalSection(ProjectConfigurationPlatforms) = postSolution
		{ECE43F51-7426-42B5-8D95-59ACC689EC28}.Debug|Any CPU.ActiveCfg = Debug|Any CPU
		{ECE43F51-7426-42B5-8D95-59ACC689EC28}.Debug|Any CPU.Build.0 = Debug|Any CPU
		{ECE43F51-7426-42B5-8D95-59ACC689EC28}.Release|Any CPU.ActiveCfg = Release|Any CPU
		{ECE43F51-7426-42B5-8D95-59ACC689EC28}.Release|Any CPU.Build.0 = Release|Any CPU
		{8BDCAE30-E47A-4686-B801-69C926D2C584}.Debug|Any CPU.ActiveCfg = Debug|Any CPU
		{8BDCAE30-E47A-4686-B801-69C926D2C584}.Debug|Any CPU.Build.0 = Debug|Any CPU
		{8BDCAE30-E47A-4686-B801-69C926D2C584}.Release|Any CPU.ActiveCfg = Release|Any CPU
		{8BDCAE30-E47A-4686-B801-69C926D2C584}.Release|Any CPU.Build.0 = Release|Any CPU
	EndGlobalSection
	GlobalSection(SolutionProperties) = preSolution
		HideSolutionNode = FALSE
	EndGlobalSection
	GlobalSection(ExtensibilityGlobals) = postSolution
		SolutionGuid = {FDF6C2B1-02B0-4274-8DBE-1ED8DBDF68BE}
	EndGlobalSection
EndGlobal
